
Microsoft Visual Studio Solution File, Format Version 12.00
Project("{FAE04EC0-301F-11D3-BF4B-00C04F79EFBC}") = "Poster", "Poster\Poster.csproj", "{D43A5044-2B73-4224-B48A-B706DA02F10A}"
EndProject
Project("{FAE04EC0-301F-11D3-BF4B-00C04F79EFBC}") = "Poster.Domain", "Poster.Domain\Poster.Domain.csproj", "{41B2DC60-97E5-4A71-8A07-0DE11631A4CE}"
EndProject
Project("{FAE04EC0-301F-11D3-BF4B-00C04F79EFBC}") = "Poster.Infrastructure", "Poster.Infrastructure\Poster.Infrastructure.csproj", "{A6A23FEB-2E25-4048-ACF3-CEED7917742D}"
EndProject
Project("{FAE04EC0-301F-11D3-BF4B-00C04F79EFBC}") = "Poster.Logic", "Poster.Logic\Poster.Logic.csproj", "{76D94BB8-5740-40B8-8DEC-62FA01666F46}"
EndProject
Global
	GlobalSection(SolutionConfigurationPlatforms) = preSolution
		Debug|Any CPU = Debug|Any CPU
		Release|Any CPU = Release|Any CPU
	EndGlobalSection
	GlobalSection(ProjectConfigurationPlatforms) = postSolution
		{D43A5044-2B73-4224-B48A-B706DA02F10A}.Debug|Any CPU.ActiveCfg = Debug|Any CPU
		{D43A5044-2B73-4224-B48A-B706DA02F10A}.Debug|Any CPU.Build.0 = Debug|Any CPU
		{D43A5044-2B73-4224-B48A-B706DA02F10A}.Release|Any CPU.ActiveCfg = Release|Any CPU
		{D43A5044-2B73-4224-B48A-B706DA02F10A}.Release|Any CPU.Build.0 = Release|Any CPU
		{41B2DC60-97E5-4A71-8A07-0DE11631A4CE}.Debug|Any CPU.ActiveCfg = Debug|Any CPU
		{41B2DC60-97E5-4A71-8A07-0DE11631A4CE}.Debug|Any CPU.Build.0 = Debug|Any CPU
		{41B2DC60-97E5-4A71-8A07-0DE11631A4CE}.Release|Any CPU.ActiveCfg = Release|Any CPU
		{41B2DC60-97E5-4A71-8A07-0DE11631A4CE}.Release|Any CPU.Build.0 = Release|Any CPU
		{A6A23FEB-2E25-4048-ACF3-CEED7917742D}.Debug|Any CPU.ActiveCfg = Debug|Any CPU
		{A6A23FEB-2E25-4048-ACF3-CEED7917742D}.Debug|Any CPU.Build.0 = Debug|Any CPU
		{A6A23FEB-2E25-4048-ACF3-CEED7917742D}.Release|Any CPU.ActiveCfg = Release|Any CPU
		{A6A23FEB-2E25-4048-ACF3-CEED7917742D}.Release|Any CPU.Build.0 = Release|Any CPU
		{76D94BB8-5740-40B8-8DEC-62FA01666F46}.Debug|Any CPU.ActiveCfg = Debug|Any CPU
		{76D94BB8-5740-40B8-8DEC-62FA01666F46}.Debug|Any CPU.Build.0 = Debug|Any CPU
		{76D94BB8-5740-40B8-8DEC-62FA01666F46}.Release|Any CPU.ActiveCfg = Release|Any CPU
		{76D94BB8-5740-40B8-8DEC-62FA01666F46}.Release|Any CPU.Build.0 = Release|Any CPU
	EndGlobalSection
EndGlobal
